[{<<"aleppo">>,
  {git,"https://github.com/ErlyORM/aleppo.git",
       {ref,"747c18dab7c24e4674576a6b0b22e4e4ebfe84d5"}},
  0},
 {<<"boss_test">>,
  {git,"https://github.com/ChicagoBoss/boss_test.git",
       {ref,"904bdc47c87d73a891ff86b96f7a3cefd3e5c632"}},
  0},
 {<<"ddb">>,
  {git,"https://github.com/ErlyORM/ddb.git",
       {ref,"0b73869c1162da05074a5b006744ca42d4d37dbb"}},
  0},
 {<<"dh_date">>,
  {git,"https://github.com/daleharvey/dh_date.git",
       {ref,"23e5a61381d1f155520958ff28eba6a3480e9a10"}},
  0},
 {<<"epgsql">>,
  {git,"https://github.com/epgsql/epgsql.git",
       {ref,"c7dfb06481143d5554aed0d4f6853d1e3d56c670"}},
  0},
 {<<"erlando">>,
  {git,"https://github.com/ChicagoBoss/erlando.git",
       {ref,"b0b77dd9b91a0246b5b3602ccf91182e0d0a2d9a"}},
  0},
 {<<"erlmc">>,
  {git,"https://github.com/layerhq/erlmc.git",
       {ref,"abc972b27c1fbb146d03329299ef640e424b98b8"}},
  0},
 {<<"ets_cache">>,
  {git,"https://github.com/cuongth/ets_cache.git",
       {ref,"c7a17204cd9602b677540e9c73d10e6f6f7da146"}},
  0},
 {<<"goldrush">>,
  {git,"git://github.com/DeadZen/goldrush.git",
       {ref,"212299233c7e7eb63a97be2777e1c05ebaa58dbe"}},
  1},
 {<<"ibrowse">>,
  {git,"https://github.com/cmullaparthi/ibrowse.git",
       {ref,"ea3305d21f37eced4fac290f64b068e56df7de80"}},
  1},
 {<<"jsx">>,
  {git,"https://github.com/talentdeficit/jsx.git",
       {ref,"ef9818bfd2aee0a1528f1a9b13c17beb7f2471a2"}},
  1},
 {<<"lager">>,
  {git,"https://github.com/basho/lager.git",
       {ref,"1c42c3bffbab49b0f06c9a916b00ca4911ae6a2f"}},
  0},
 {<<"medici">>,
  {git,"https://github.com/ErlyORM/medici.git",
       {ref,"bb6167459d19f48089b2bd46f753bf70fce495fe"}},
  0},
 {<<"mysql">>,
  {git,"https://github.com/ErlyORM/erlang-mysql-driver.git",
       {ref,"636333c803e9132b6a2ea360b678a9f7c31623a6"}},
  0},
 {<<"pmod_transform">>,
  {git,"git://github.com/erlang/pmod_transform.git",
       {ref,"7c6fe6193b7b11c874877246bcb612414fbd1359"}},
  1},
 {<<"poolboy">>,
  {git,"https://github.com/devinus/poolboy.git",
       {ref,"3bb48a893ff5598f7c73731ac17545206d259fac"}},
  0},
 {<<"proper">>,
  {git,"https://github.com/manopapad/proper.git",
       {ref,"5f0d69c831b6c9f52535c3d1846efca480f6190d"}},
  0},
 {<<"redo">>,
  {git,"https://github.com/heroku/redo.git",
       {ref,"cd75a11697d69e38b6e5e1750b7ec18414fb60eb"}},
  0},
 {<<"tiny_pq">>,
  {git,"https://github.com/ChicagoBoss/tiny_pq.git",
       {ref,"f3d6b4d66679c1ed2670aa971715050cf00fc817"}},
  0},
 {<<"uuid">>,
  {git,"https://github.com/avtobiff/erlang-uuid.git",
       {ref,"585c2474afb4a597ae8c8bf6d21e5a9c73f18e0b"}},
  0}].
