[{<<"aleppo">>,
  {git,"https://github.com/ErlyORM/aleppo.git",
       {ref,"ee1056f7407c6b728c4164f850eac3afc254355e"}},
  0},
 {<<"boss_test">>,
  {git,"https://github.com/ChicagoBoss/boss_test.git",
       {ref,"904bdc47c87d73a891ff86b96f7a3cefd3e5c632"}},
  0},
 {<<"ddb">>,
  {git,"https://github.com/ErlyORM/ddb.git",
       {ref,"137204530022e3a3db9ade4ca4fb13d27717ee0c"}},
  0},
 {<<"dh_date">>,
  {git,"https://github.com/zotonic/dh_date.git",
       {ref,"473ad8c47379939aeca919547a7d977eaf34c27b"}},
  0},
 {<<"epgsql">>,
  {git,"https://github.com/epgsql/epgsql.git",
       {ref,"c7dfb06481143d5554aed0d4f6853d1e3d56c670"}},
  0},
 {<<"erlando">>,
  {git,"https://github.com/ChicagoBoss/erlando.git",
       {ref,"b0b77dd9b91a0246b5b3602ccf91182e0d0a2d9a"}},
  0},
 {<<"erlmc">>,
  {git,"https://github.com/layerhq/erlmc.git",
       {ref,"1c175528926478c84f8586b165c8c60b59c66251"}},
  0},
 {<<"ets_cache">>,
  {git,"https://github.com/cuongth/ets_cache.git",
       {ref,"c7a17204cd9602b677540e9c73d10e6f6f7da146"}},
  0},
 {<<"goldrush">>,{pkg,<<"goldrush">>,<<"0.1.7">>},1},
 {<<"ibrowse">>,
  {git,"git://github.com/cmullaparthi/ibrowse.git",
       {ref,"ea3305d21f37eced4fac290f64b068e56df7de80"}},
  1},
 {<<"jsx">>,
  {git,"git://github.com/talentdeficit/jsx.git",
       {ref,"9d4534edc57686f28e16c5b1f6902a7e99c8b035"}},
  1},
 {<<"lager">>,{pkg,<<"lager">>,<<"2.1.1">>},0},
 {<<"medici">>,
  {git,"https://github.com/ErlyORM/medici.git",
       {ref,"bb6167459d19f48089b2bd46f753bf70fce495fe"}},
  0},
 {<<"mysql">>,
  {git,"https://github.com/ErlyORM/erlang-mysql-driver.git",
       {ref,"636333c803e9132b6a2ea360b678a9f7c31623a6"}},
  0},
 {<<"pmod_transform">>,
  {git,"git://github.com/erlang/pmod_transform.git",
       {ref,"7c6fe6193b7b11c874877246bcb612414fbd1359"}},
  1},
 {<<"poolboy">>,{pkg,<<"poolboy">>,<<"1.5.1">>},0},
 {<<"redo">>,{pkg,<<"redo">>,<<"2.0.0">>},0},
 {<<"tiny_pq">>,
  {git,"https://github.com/ChicagoBoss/tiny_pq.git",
       {ref,"f3d6b4d66679c1ed2670aa971715050cf00fc817"}},
  0},
 {<<"uuid">>,
  {git,"https://github.com/avtobiff/erlang-uuid.git",
       {ref,"585c2474afb4a597ae8c8bf6d21e5a9c73f18e0b"}},
  0}].
